
Microsoft Visual Studio Solution File, Format Version 12.00
# Visual Studio 15
VisualStudioVersion = 15.0.28307.421
MinimumVisualStudioVersion = 10.0.40219.1
Project("{FAE04EC0-301F-11D3-BF4B-00C04F79EFBC}") = "GroceryList", "GroceryList\GroceryList.csproj", "{5B5D98CD-2337-40E7-97D3-7EE70F47B3AB}"
EndProject
Global
	GlobalSection(SolutionConfigurationPlatforms) = preSolution
		Debug|Any CPU = Debug|Any CPU
		Release|Any CPU = Release|Any CPU
	EndGlobalSection
	GlobalSection(ProjectConfigurationPlatforms) = postSolution
		{5B5D98CD-2337-40E7-97D3-7EE70F47B3AB}.Debug|Any CPU.ActiveCfg = Debug|Any CPU
		{5B5D98CD-2337-40E7-97D3-7EE70F47B3AB}.Debug|Any CPU.Build.0 = Debug|Any CPU
		{5B5D98CD-2337-40E7-97D3-7EE70F47B3AB}.Release|Any CPU.ActiveCfg = Release|Any CPU
		{5B5D98CD-2337-40E7-97D3-7EE70F47B3AB}.Release|Any CPU.Build.0 = Release|Any CPU
	EndGlobalSection
	GlobalSection(SolutionProperties) = preSolution
		HideSolutionNode = FALSE
	EndGlobalSection
	GlobalSection(ExtensibilityGlobals) = postSolution
		SolutionGuid = {AAD319AF-CA2A-45B0-885E-E689E46C4990}
	EndGlobalSection
EndGlobal
